
Microsoft Visual Studio Solution File, Format Version 12.00
# Visual Studio Version 17
VisualStudioVersion = 17.12.35521.163 d17.12
MinimumVisualStudioVersion = 10.0.40219.1
Project("{FAE04EC0-301F-11D3-BF4B-00C04F79EFBC}") = "WAD.BACKEND.00016144", "WAD.BACKEND.00016144\WAD.BACKEND.00016144.csproj", "{315AA6BF-CA5F-44FD-A2AB-59B41E457F7A}"
EndProject
Global
	GlobalSection(SolutionConfigurationPlatforms) = preSolution
		Debug|Any CPU = Debug|Any CPU
		Release|Any CPU = Release|Any CPU
	EndGlobalSection
	GlobalSection(ProjectConfigurationPlatforms) = postSolution
		{315AA6BF-CA5F-44FD-A2AB-59B41E457F7A}.Debug|Any CPU.ActiveCfg = Debug|Any CPU
		{315AA6BF-CA5F-44FD-A2AB-59B41E457F7A}.Debug|Any CPU.Build.0 = Debug|Any CPU
		{315AA6BF-CA5F-44FD-A2AB-59B41E457F7A}.Release|Any CPU.ActiveCfg = Release|Any CPU
		{315AA6BF-CA5F-44FD-A2AB-59B41E457F7A}.Release|Any CPU.Build.0 = Release|Any CPU
	EndGlobalSection
	GlobalSection(SolutionProperties) = preSolution
		HideSolutionNode = FALSE
	EndGlobalSection
EndGlobal
